
Microsoft Visual Studio Solution File, Format Version 12.00
# Visual Studio 15
VisualStudioVersion = 15.0.27428.2015
MinimumVisualStudioVersion = 10.0.40219.1
Project("{FAE04EC0-301F-11D3-BF4B-00C04F79EFBC}") = "Api", "Api\Api.csproj", "{B137FC82-05CD-4ED4-A526-FDCEF7FAF31A}"
EndProject
Project("{FAE04EC0-301F-11D3-BF4B-00C04F79EFBC}") = "Administrating", "Administrating\Administrating.csproj", "{77C2867A-E0D8-4A22-9876-9A5ECCB9B178}"
EndProject
Project("{FAE04EC0-301F-11D3-BF4B-00C04F79EFBC}") = "PizzaBot", "PizzaBot\PizzaBot.csproj", "{DDC3C0E6-B63C-4463-A9E7-76330CEEB25F}"
EndProject
Global
	GlobalSection(SolutionConfigurationPlatforms) = preSolution
		Debug|Any CPU = Debug|Any CPU
		Release|Any CPU = Release|Any CPU
	EndGlobalSection
	GlobalSection(ProjectConfigurationPlatforms) = postSolution
		{B137FC82-05CD-4ED4-A526-FDCEF7FAF31A}.Debug|Any CPU.ActiveCfg = Debug|Any CPU
		{B137FC82-05CD-4ED4-A526-FDCEF7FAF31A}.Debug|Any CPU.Build.0 = Debug|Any CPU
		{B137FC82-05CD-4ED4-A526-FDCEF7FAF31A}.Release|Any CPU.ActiveCfg = Release|Any CPU
		{B137FC82-05CD-4ED4-A526-FDCEF7FAF31A}.Release|Any CPU.Build.0 = Release|Any CPU
		{77C2867A-E0D8-4A22-9876-9A5ECCB9B178}.Debug|Any CPU.ActiveCfg = Debug|Any CPU
		{77C2867A-E0D8-4A22-9876-9A5ECCB9B178}.Debug|Any CPU.Build.0 = Debug|Any CPU
		{77C2867A-E0D8-4A22-9876-9A5ECCB9B178}.Release|Any CPU.ActiveCfg = Release|Any CPU
		{77C2867A-E0D8-4A22-9876-9A5ECCB9B178}.Release|Any CPU.Build.0 = Release|Any CPU
		{DDC3C0E6-B63C-4463-A9E7-76330CEEB25F}.Debug|Any CPU.ActiveCfg = Debug|Any CPU
		{DDC3C0E6-B63C-4463-A9E7-76330CEEB25F}.Debug|Any CPU.Build.0 = Debug|Any CPU
		{DDC3C0E6-B63C-4463-A9E7-76330CEEB25F}.Release|Any CPU.ActiveCfg = Release|Any CPU
		{DDC3C0E6-B63C-4463-A9E7-76330CEEB25F}.Release|Any CPU.Build.0 = Release|Any CPU
	EndGlobalSection
	GlobalSection(SolutionProperties) = preSolution
		HideSolutionNode = FALSE
	EndGlobalSection
	GlobalSection(ExtensibilityGlobals) = postSolution
		SolutionGuid = {EE4073C0-E1C8-4548-9BCD-7E8005E04149}
	EndGlobalSection
EndGlobal
